{
  "lockfile-version": 1,
  "manifest": {
    "version": 1,
    "install": {
      "nodejs": {
        "pkg-path": "nodejs"
      }
    },
    "hook": {
      "on-activate": "  # Autogenerated by Flox\n\n  # Install nodejs depedencies\n  npm install\n\n  # End autogenerated by Flox\n"
    },
    "profile": {},
    "options": {
      "systems": [
        "aarch64-darwin",
        "aarch64-linux",
        "x86_64-darwin",
        "x86_64-linux"
      ],
      "allow": {
        "licenses": []
      },
      "semver": {}
    }
  },
  "packages": [
    {
      "attr_path": "nodejs",
      "broken": false,
      "derivation": "/nix/store/v0v7dny82f4hmfp9s8zj31iykjrdblkn-nodejs-20.18.0.drv",
      "description": "Event-driven I/O framework for the V8 JavaScript engine",
      "install_id": "nodejs",
      "license": "MIT",
      "locked_url": "https://github.com/flox/nixpkgs?rev=23e89b7da85c3640bbc2173fe04f4bd114342367",
      "name": "nodejs-20.18.0",
      "pname": "nodejs",
      "rev": "23e89b7da85c3640bbc2173fe04f4bd114342367",
      "rev_count": 710087,
      "rev_date": "2024-11-19T11:04:08Z",
      "scrape_date": "2024-11-21T04:00:36Z",
      "stabilities": [
        "staging",
        "unstable"
      ],
      "unfree": false,
      "version": "20.18.0",
      "outputs_to_install": [
        "out"
      ],
      "outputs": {
        "libv8": "/nix/store/hfchgw1as9fm02wcyr3iqya05ylll5f3-nodejs-20.18.0-libv8",
        "out": "/nix/store/9grahx8677nlgbx3yfiggibw335lkgfr-nodejs-20.18.0"
      },
      "system": "aarch64-darwin",
      "group": "toplevel",
      "priority": 5
    },
    {
      "attr_path": "nodejs",
      "broken": false,
      "derivation": "/nix/store/d3mn4dx774ppvnajxls24jkgsscv4sq5-nodejs-20.18.0.drv",
      "description": "Event-driven I/O framework for the V8 JavaScript engine",
      "install_id": "nodejs",
      "license": "MIT",
      "locked_url": "https://github.com/flox/nixpkgs?rev=23e89b7da85c3640bbc2173fe04f4bd114342367",
      "name": "nodejs-20.18.0",
      "pname": "nodejs",
      "rev": "23e89b7da85c3640bbc2173fe04f4bd114342367",
      "rev_count": 710087,
      "rev_date": "2024-11-19T11:04:08Z",
      "scrape_date": "2024-11-21T04:00:36Z",
      "stabilities": [
        "staging",
        "unstable"
      ],
      "unfree": false,
      "version": "20.18.0",
      "outputs_to_install": [
        "out"
      ],
      "outputs": {
        "libv8": "/nix/store/yajvza262cb3bri9cryfrgpm3pvc066n-nodejs-20.18.0-libv8",
        "out": "/nix/store/hsh74yzdb9yk834w9j5qz0w3sw84wcfv-nodejs-20.18.0"
      },
      "system": "aarch64-linux",
      "group": "toplevel",
      "priority": 5
    },
    {
      "attr_path": "nodejs",
      "broken": false,
      "derivation": "/nix/store/lmn1hdq8i3gf5d3r64l13nhanlb2pnx5-nodejs-20.18.0.drv",
      "description": "Event-driven I/O framework for the V8 JavaScript engine",
      "install_id": "nodejs",
      "license": "MIT",
      "locked_url": "https://github.com/flox/nixpkgs?rev=23e89b7da85c3640bbc2173fe04f4bd114342367",
      "name": "nodejs-20.18.0",
      "pname": "nodejs",
      "rev": "23e89b7da85c3640bbc2173fe04f4bd114342367",
      "rev_count": 710087,
      "rev_date": "2024-11-19T11:04:08Z",
      "scrape_date": "2024-11-21T04:00:36Z",
      "stabilities": [
        "staging",
        "unstable"
      ],
      "unfree": false,
      "version": "20.18.0",
      "outputs_to_install": [
        "out"
      ],
      "outputs": {
        "libv8": "/nix/store/93xdzgjsm1dnnw33lnba4i7h7k5yph4k-nodejs-20.18.0-libv8",
        "out": "/nix/store/v8p36abnvrn9i5h41zkgrayaj7sclv6z-nodejs-20.18.0"
      },
      "system": "x86_64-darwin",
      "group": "toplevel",
      "priority": 5
    },
    {
      "attr_path": "nodejs",
      "broken": false,
      "derivation": "/nix/store/l136ajs6lg3mic58rnb7cdwhfhl3qcyr-nodejs-20.18.0.drv",
      "description": "Event-driven I/O framework for the V8 JavaScript engine",
      "install_id": "nodejs",
      "license": "MIT",
      "locked_url": "https://github.com/flox/nixpkgs?rev=23e89b7da85c3640bbc2173fe04f4bd114342367",
      "name": "nodejs-20.18.0",
      "pname": "nodejs",
      "rev": "23e89b7da85c3640bbc2173fe04f4bd114342367",
      "rev_count": 710087,
      "rev_date": "2024-11-19T11:04:08Z",
      "scrape_date": "2024-11-21T04:00:36Z",
      "stabilities": [
        "staging",
        "unstable"
      ],
      "unfree": false,
      "version": "20.18.0",
      "outputs_to_install": [
        "out"
      ],
      "outputs": {
        "libv8": "/nix/store/czcxwki3zqih2pf355zk0vxbmrij2bzx-nodejs-20.18.0-libv8",
        "out": "/nix/store/z0ivg3dbal4sk5h0c7p1pfkxc7ff98ri-nodejs-20.18.0"
      },
      "system": "x86_64-linux",
      "group": "toplevel",
      "priority": 5
    }
  ]
}